
Microsoft Visual Studio Solution File, Format Version 12.00
# Visual Studio 14
VisualStudioVersion = 14.0.25420.1
MinimumVisualStudioVersion = 10.0.40219.1
Project("{FAE04EC0-301F-11D3-BF4B-00C04F79EFBC}") = "MMS.WebUI", "MMS.WebUI\MMS.WebUI.csproj", "{228045DA-5382-47EA-8D3C-4D748EC90818}"
EndProject
Project("{2150E333-8FDC-42A3-9474-1A3956D46DE8}") = "05Web", "05Web", "{C345DC85-20C1-479F-806A-7BA409AD195B}"
EndProject
Project("{2150E333-8FDC-42A3-9474-1A3956D46DE8}") = "01Data", "01Data", "{94CFB93E-BEE1-453B-951A-4A729F9CAD20}"
EndProject
Project("{2150E333-8FDC-42A3-9474-1A3956D46DE8}") = "02Core", "02Core", "{78F06A9C-58E9-4176-ABCD-41763242BC3A}"
EndProject
Project("{2150E333-8FDC-42A3-9474-1A3956D46DE8}") = "03Service", "03Service", "{EEDA131C-B159-4805-8E34-3EF4278B59B6}"
EndProject
Project("{2150E333-8FDC-42A3-9474-1A3956D46DE8}") = "04Common", "04Common", "{5F341C04-58A3-4443-AFA8-94BB4F8454F6}"
EndProject
Project("{FAE04EC0-301F-11D3-BF4B-00C04F79EFBC}") = "MMS.Common", "MMS.Common\MMS.Common.csproj", "{438FAE2D-B36E-45BA-897D-17D4591CAB57}"
EndProject
Project("{FAE04EC0-301F-11D3-BF4B-00C04F79EFBC}") = "MMS.Model", "MMS.Model\MMS.Model.csproj", "{0066B0E0-F0C7-4AD0-8BDB-5A442426411A}"
EndProject
Project("{FAE04EC0-301F-11D3-BF4B-00C04F79EFBC}") = "MMS.Data", "MMS.Data\MMS.Data.csproj", "{85BCA463-36D1-4DAB-BCFF-1F36B915EB34}"
EndProject
Project("{FAE04EC0-301F-11D3-BF4B-00C04F79EFBC}") = "Services", "Services\Services.csproj", "{90FE2ADE-F6AC-40BC-8EA5-06D8C0739A2C}"
EndProject
Global
	GlobalSection(SolutionConfigurationPlatforms) = preSolution
		Debug|Any CPU = Debug|Any CPU
		Release|Any CPU = Release|Any CPU
	EndGlobalSection
	GlobalSection(ProjectConfigurationPlatforms) = postSolution
		{228045DA-5382-47EA-8D3C-4D748EC90818}.Debug|Any CPU.ActiveCfg = Debug|Any CPU
		{228045DA-5382-47EA-8D3C-4D748EC90818}.Debug|Any CPU.Build.0 = Debug|Any CPU
		{228045DA-5382-47EA-8D3C-4D748EC90818}.Release|Any CPU.ActiveCfg = Release|Any CPU
		{228045DA-5382-47EA-8D3C-4D748EC90818}.Release|Any CPU.Build.0 = Release|Any CPU
		{438FAE2D-B36E-45BA-897D-17D4591CAB57}.Debug|Any CPU.ActiveCfg = Debug|Any CPU
		{438FAE2D-B36E-45BA-897D-17D4591CAB57}.Debug|Any CPU.Build.0 = Debug|Any CPU
		{438FAE2D-B36E-45BA-897D-17D4591CAB57}.Release|Any CPU.ActiveCfg = Release|Any CPU
		{438FAE2D-B36E-45BA-897D-17D4591CAB57}.Release|Any CPU.Build.0 = Release|Any CPU
		{0066B0E0-F0C7-4AD0-8BDB-5A442426411A}.Debug|Any CPU.ActiveCfg = Debug|Any CPU
		{0066B0E0-F0C7-4AD0-8BDB-5A442426411A}.Debug|Any CPU.Build.0 = Debug|Any CPU
		{0066B0E0-F0C7-4AD0-8BDB-5A442426411A}.Release|Any CPU.ActiveCfg = Release|Any CPU
		{0066B0E0-F0C7-4AD0-8BDB-5A442426411A}.Release|Any CPU.Build.0 = Release|Any CPU
		{85BCA463-36D1-4DAB-BCFF-1F36B915EB34}.Debug|Any CPU.ActiveCfg = Debug|Any CPU
		{85BCA463-36D1-4DAB-BCFF-1F36B915EB34}.Debug|Any CPU.Build.0 = Debug|Any CPU
		{85BCA463-36D1-4DAB-BCFF-1F36B915EB34}.Release|Any CPU.ActiveCfg = Release|Any CPU
		{85BCA463-36D1-4DAB-BCFF-1F36B915EB34}.Release|Any CPU.Build.0 = Release|Any CPU
		{90FE2ADE-F6AC-40BC-8EA5-06D8C0739A2C}.Debug|Any CPU.ActiveCfg = Debug|Any CPU
		{90FE2ADE-F6AC-40BC-8EA5-06D8C0739A2C}.Debug|Any CPU.Build.0 = Debug|Any CPU
		{90FE2ADE-F6AC-40BC-8EA5-06D8C0739A2C}.Release|Any CPU.ActiveCfg = Release|Any CPU
		{90FE2ADE-F6AC-40BC-8EA5-06D8C0739A2C}.Release|Any CPU.Build.0 = Release|Any CPU
	EndGlobalSection
	GlobalSection(SolutionProperties) = preSolution
		HideSolutionNode = FALSE
	EndGlobalSection
	GlobalSection(NestedProjects) = preSolution
		{228045DA-5382-47EA-8D3C-4D748EC90818} = {C345DC85-20C1-479F-806A-7BA409AD195B}
		{438FAE2D-B36E-45BA-897D-17D4591CAB57} = {5F341C04-58A3-4443-AFA8-94BB4F8454F6}
		{0066B0E0-F0C7-4AD0-8BDB-5A442426411A} = {94CFB93E-BEE1-453B-951A-4A729F9CAD20}
		{85BCA463-36D1-4DAB-BCFF-1F36B915EB34} = {78F06A9C-58E9-4176-ABCD-41763242BC3A}
		{90FE2ADE-F6AC-40BC-8EA5-06D8C0739A2C} = {EEDA131C-B159-4805-8E34-3EF4278B59B6}
	EndGlobalSection
EndGlobal
